
Microsoft Visual Studio Solution File, Format Version 12.00
# Visual Studio Version 17
VisualStudioVersion = 17.2.32616.157
MinimumVisualStudioVersion = 10.0.40219.1
Project("{8BC9CEB8-8B4A-11D0-8D11-00A0C91BC942}") = "ImGui", "ImGui\ImGui.vcxproj", "{6F507F55-73A6-4EC5-ABD0-BCC688BA56E5}"
EndProject
Project("{2150E333-8FDC-42A3-9474-1A3956D46DE8}") = "Dependencies", "Dependencies", "{5B95D5DB-03AF-4ED1-8361-F0F4431282BC}"
EndProject
Project("{8BC9CEB8-8B4A-11D0-8D11-00A0C91BC942}") = "Yaml", "Yaml\Yaml.vcxproj", "{4CC6A54D-0B75-4BBD-AF80-561D50BC3F8F}"
EndProject
Project("{8BC9CEB8-8B4A-11D0-8D11-00A0C91BC942}") = "ProjectManager", "ProjectManager\ProjectManager.vcxproj", "{065E9171-CD8C-4F29-8BEA-C10C873DBA8C}"
EndProject
Project("{8BC9CEB8-8B4A-11D0-8D11-00A0C91BC942}") = "HeliosEngine", "HeliosEngine\HeliosEngine.vcxproj", "{7A705C04-EC20-4F1D-B96E-008674BDB2EC}"
	ProjectSection(ProjectDependencies) = postProject
		{4CC6A54D-0B75-4BBD-AF80-561D50BC3F8F} = {4CC6A54D-0B75-4BBD-AF80-561D50BC3F8F}
		{6F507F55-73A6-4EC5-ABD0-BCC688BA56E5} = {6F507F55-73A6-4EC5-ABD0-BCC688BA56E5}
	EndProjectSection
EndProject
Project("{8BC9CEB8-8B4A-11D0-8D11-00A0C91BC942}") = "HeliosEditor", "HeliosEditor\HeliosEditor.vcxproj", "{E1421A4F-F11C-49B3-829C-F28D20FD6A4E}"
	ProjectSection(ProjectDependencies) = postProject
		{065E9171-CD8C-4F29-8BEA-C10C873DBA8C} = {065E9171-CD8C-4F29-8BEA-C10C873DBA8C}
		{4CC6A54D-0B75-4BBD-AF80-561D50BC3F8F} = {4CC6A54D-0B75-4BBD-AF80-561D50BC3F8F}
		{6F507F55-73A6-4EC5-ABD0-BCC688BA56E5} = {6F507F55-73A6-4EC5-ABD0-BCC688BA56E5}
		{7A705C04-EC20-4F1D-B96E-008674BDB2EC} = {7A705C04-EC20-4F1D-B96E-008674BDB2EC}
	EndProjectSection
EndProject
Project("{8BC9CEB8-8B4A-11D0-8D11-00A0C91BC942}") = "Game", "Sandbox\Sandbox.vcxproj", "{DD72141B-3D5E-45FB-BFB2-AB2A7C56E541}"
EndProject
Project("{9A19103F-16F7-4668-BE54-9A1E7A4F7556}") = "ProjectExplorer", "ProjectExplorer\ProjectExplorer.csproj", "{BF13C6B3-42B4-4A61-95B9-9C390F51624B}"
EndProject
Project("{8BC9CEB8-8B4A-11D0-8D11-00A0C91BC942}") = "Json", "Json\Json.vcxproj", "{42626830-9293-4B58-B389-5D0C4A3D3351}"
EndProject
Global
	GlobalSection(SolutionConfigurationPlatforms) = preSolution
		Debug|Any CPU = Debug|Any CPU
		Debug|x64 = Debug|x64
		Debug|x86 = Debug|x86
		Release|Any CPU = Release|Any CPU
		Release|x64 = Release|x64
		Release|x86 = Release|x86
	EndGlobalSection
	GlobalSection(ProjectConfigurationPlatforms) = postSolution
		{6F507F55-73A6-4EC5-ABD0-BCC688BA56E5}.Debug|Any CPU.ActiveCfg = Debug|x64
		{6F507F55-73A6-4EC5-ABD0-BCC688BA56E5}.Debug|Any CPU.Build.0 = Debug|x64
		{6F507F55-73A6-4EC5-ABD0-BCC688BA56E5}.Debug|x64.ActiveCfg = Debug|x64
		{6F507F55-73A6-4EC5-ABD0-BCC688BA56E5}.Debug|x64.Build.0 = Debug|x64
		{6F507F55-73A6-4EC5-ABD0-BCC688BA56E5}.Debug|x86.ActiveCfg = Debug|Win32
		{6F507F55-73A6-4EC5-ABD0-BCC688BA56E5}.Debug|x86.Build.0 = Debug|Win32
		{6F507F55-73A6-4EC5-ABD0-BCC688BA56E5}.Release|Any CPU.ActiveCfg = Release|x64
		{6F507F55-73A6-4EC5-ABD0-BCC688BA56E5}.Release|Any CPU.Build.0 = Release|x64
		{6F507F55-73A6-4EC5-ABD0-BCC688BA56E5}.Release|x64.ActiveCfg = Release|x64
		{6F507F55-73A6-4EC5-ABD0-BCC688BA56E5}.Release|x64.Build.0 = Release|x64
		{6F507F55-73A6-4EC5-ABD0-BCC688BA56E5}.Release|x86.ActiveCfg = Release|Win32
		{6F507F55-73A6-4EC5-ABD0-BCC688BA56E5}.Release|x86.Build.0 = Release|Win32
		{4CC6A54D-0B75-4BBD-AF80-561D50BC3F8F}.Debug|Any CPU.ActiveCfg = Debug|x64
		{4CC6A54D-0B75-4BBD-AF80-561D50BC3F8F}.Debug|Any CPU.Build.0 = Debug|x64
		{4CC6A54D-0B75-4BBD-AF80-561D50BC3F8F}.Debug|x64.ActiveCfg = Debug|x64
		{4CC6A54D-0B75-4BBD-AF80-561D50BC3F8F}.Debug|x64.Build.0 = Debug|x64
		{4CC6A54D-0B75-4BBD-AF80-561D50BC3F8F}.Debug|x86.ActiveCfg = Debug|Win32
		{4CC6A54D-0B75-4BBD-AF80-561D50BC3F8F}.Debug|x86.Build.0 = Debug|Win32
		{4CC6A54D-0B75-4BBD-AF80-561D50BC3F8F}.Release|Any CPU.ActiveCfg = Release|x64
		{4CC6A54D-0B75-4BBD-AF80-561D50BC3F8F}.Release|Any CPU.Build.0 = Release|x64
		{4CC6A54D-0B75-4BBD-AF80-561D50BC3F8F}.Release|x64.ActiveCfg = Release|x64
		{4CC6A54D-0B75-4BBD-AF80-561D50BC3F8F}.Release|x64.Build.0 = Release|x64
		{4CC6A54D-0B75-4BBD-AF80-561D50BC3F8F}.Release|x86.ActiveCfg = Release|Win32
		{4CC6A54D-0B75-4BBD-AF80-561D50BC3F8F}.Release|x86.Build.0 = Release|Win32
		{065E9171-CD8C-4F29-8BEA-C10C873DBA8C}.Debug|Any CPU.ActiveCfg = Debug|x64
		{065E9171-CD8C-4F29-8BEA-C10C873DBA8C}.Debug|Any CPU.Build.0 = Debug|x64
		{065E9171-CD8C-4F29-8BEA-C10C873DBA8C}.Debug|x64.ActiveCfg = Debug|x64
		{065E9171-CD8C-4F29-8BEA-C10C873DBA8C}.Debug|x64.Build.0 = Debug|x64
		{065E9171-CD8C-4F29-8BEA-C10C873DBA8C}.Debug|x86.ActiveCfg = Debug|Win32
		{065E9171-CD8C-4F29-8BEA-C10C873DBA8C}.Debug|x86.Build.0 = Debug|Win32
		{065E9171-CD8C-4F29-8BEA-C10C873DBA8C}.Release|Any CPU.ActiveCfg = Release|x64
		{065E9171-CD8C-4F29-8BEA-C10C873DBA8C}.Release|Any CPU.Build.0 = Release|x64
		{065E9171-CD8C-4F29-8BEA-C10C873DBA8C}.Release|x64.ActiveCfg = Release|x64
		{065E9171-CD8C-4F29-8BEA-C10C873DBA8C}.Release|x64.Build.0 = Release|x64
		{065E9171-CD8C-4F29-8BEA-C10C873DBA8C}.Release|x86.ActiveCfg = Release|Win32
		{065E9171-CD8C-4F29-8BEA-C10C873DBA8C}.Release|x86.Build.0 = Release|Win32
		{7A705C04-EC20-4F1D-B96E-008674BDB2EC}.Debug|Any CPU.ActiveCfg = Debug|x64
		{7A705C04-EC20-4F1D-B96E-008674BDB2EC}.Debug|Any CPU.Build.0 = Debug|x64
		{7A705C04-EC20-4F1D-B96E-008674BDB2EC}.Debug|x64.ActiveCfg = Debug|x64
		{7A705C04-EC20-4F1D-B96E-008674BDB2EC}.Debug|x64.Build.0 = Debug|x64
		{7A705C04-EC20-4F1D-B96E-008674BDB2EC}.Debug|x86.ActiveCfg = Debug|Win32
		{7A705C04-EC20-4F1D-B96E-008674BDB2EC}.Debug|x86.Build.0 = Debug|Win32
		{7A705C04-EC20-4F1D-B96E-008674BDB2EC}.Release|Any CPU.ActiveCfg = Release|x64
		{7A705C04-EC20-4F1D-B96E-008674BDB2EC}.Release|Any CPU.Build.0 = Release|x64
		{7A705C04-EC20-4F1D-B96E-008674BDB2EC}.Release|x64.ActiveCfg = Release|x64
		{7A705C04-EC20-4F1D-B96E-008674BDB2EC}.Release|x64.Build.0 = Release|x64
		{7A705C04-EC20-4F1D-B96E-008674BDB2EC}.Release|x86.ActiveCfg = Release|Win32
		{7A705C04-EC20-4F1D-B96E-008674BDB2EC}.Release|x86.Build.0 = Release|Win32
		{E1421A4F-F11C-49B3-829C-F28D20FD6A4E}.Debug|Any CPU.ActiveCfg = Debug|x64
		{E1421A4F-F11C-49B3-829C-F28D20FD6A4E}.Debug|Any CPU.Build.0 = Debug|x64
		{E1421A4F-F11C-49B3-829C-F28D20FD6A4E}.Debug|x64.ActiveCfg = Debug|x64
		{E1421A4F-F11C-49B3-829C-F28D20FD6A4E}.Debug|x64.Build.0 = Debug|x64
		{E1421A4F-F11C-49B3-829C-F28D20FD6A4E}.Debug|x86.ActiveCfg = Debug|Win32
		{E1421A4F-F11C-49B3-829C-F28D20FD6A4E}.Debug|x86.Build.0 = Debug|Win32
		{E1421A4F-F11C-49B3-829C-F28D20FD6A4E}.Release|Any CPU.ActiveCfg = Release|x64
		{E1421A4F-F11C-49B3-829C-F28D20FD6A4E}.Release|Any CPU.Build.0 = Release|x64
		{E1421A4F-F11C-49B3-829C-F28D20FD6A4E}.Release|x64.ActiveCfg = Release|x64
		{E1421A4F-F11C-49B3-829C-F28D20FD6A4E}.Release|x64.Build.0 = Release|x64
		{E1421A4F-F11C-49B3-829C-F28D20FD6A4E}.Release|x86.ActiveCfg = Release|Win32
		{E1421A4F-F11C-49B3-829C-F28D20FD6A4E}.Release|x86.Build.0 = Release|Win32
		{DD72141B-3D5E-45FB-BFB2-AB2A7C56E541}.Debug|Any CPU.ActiveCfg = Debug|x64
		{DD72141B-3D5E-45FB-BFB2-AB2A7C56E541}.Debug|Any CPU.Build.0 = Debug|x64
		{DD72141B-3D5E-45FB-BFB2-AB2A7C56E541}.Debug|x64.ActiveCfg = Debug|x64
		{DD72141B-3D5E-45FB-BFB2-AB2A7C56E541}.Debug|x64.Build.0 = Debug|x64
		{DD72141B-3D5E-45FB-BFB2-AB2A7C56E541}.Debug|x86.ActiveCfg = Debug|Win32
		{DD72141B-3D5E-45FB-BFB2-AB2A7C56E541}.Debug|x86.Build.0 = Debug|Win32
		{DD72141B-3D5E-45FB-BFB2-AB2A7C56E541}.Release|Any CPU.ActiveCfg = Release|x64
		{DD72141B-3D5E-45FB-BFB2-AB2A7C56E541}.Release|Any CPU.Build.0 = Release|x64
		{DD72141B-3D5E-45FB-BFB2-AB2A7C56E541}.Release|x64.ActiveCfg = Release|x64
		{DD72141B-3D5E-45FB-BFB2-AB2A7C56E541}.Release|x64.Build.0 = Release|x64
		{DD72141B-3D5E-45FB-BFB2-AB2A7C56E541}.Release|x86.ActiveCfg = Release|Win32
		{DD72141B-3D5E-45FB-BFB2-AB2A7C56E541}.Release|x86.Build.0 = Release|Win32
		{BF13C6B3-42B4-4A61-95B9-9C390F51624B}.Debug|Any CPU.ActiveCfg = Debug|Any CPU
		{BF13C6B3-42B4-4A61-95B9-9C390F51624B}.Debug|Any CPU.Build.0 = Debug|Any CPU
		{BF13C6B3-42B4-4A61-95B9-9C390F51624B}.Debug|x64.ActiveCfg = Debug|Any CPU
		{BF13C6B3-42B4-4A61-95B9-9C390F51624B}.Debug|x64.Build.0 = Debug|Any CPU
		{BF13C6B3-42B4-4A61-95B9-9C390F51624B}.Debug|x86.ActiveCfg = Debug|Any CPU
		{BF13C6B3-42B4-4A61-95B9-9C390F51624B}.Debug|x86.Build.0 = Debug|Any CPU
		{BF13C6B3-42B4-4A61-95B9-9C390F51624B}.Release|Any CPU.ActiveCfg = Release|Any CPU
		{BF13C6B3-42B4-4A61-95B9-9C390F51624B}.Release|Any CPU.Build.0 = Release|Any CPU
		{BF13C6B3-42B4-4A61-95B9-9C390F51624B}.Release|x64.ActiveCfg = Release|Any CPU
		{BF13C6B3-42B4-4A61-95B9-9C390F51624B}.Release|x64.Build.0 = Release|Any CPU
		{BF13C6B3-42B4-4A61-95B9-9C390F51624B}.Release|x86.ActiveCfg = Release|Any CPU
		{BF13C6B3-42B4-4A61-95B9-9C390F51624B}.Release|x86.Build.0 = Release|Any CPU
		{42626830-9293-4B58-B389-5D0C4A3D3351}.Debug|Any CPU.ActiveCfg = Debug|x64
		{42626830-9293-4B58-B389-5D0C4A3D3351}.Debug|Any CPU.Build.0 = Debug|x64
		{42626830-9293-4B58-B389-5D0C4A3D3351}.Debug|x64.ActiveCfg = Debug|x64
		{42626830-9293-4B58-B389-5D0C4A3D3351}.Debug|x64.Build.0 = Debug|x64
		{42626830-9293-4B58-B389-5D0C4A3D3351}.Debug|x86.ActiveCfg = Debug|Win32
		{42626830-9293-4B58-B389-5D0C4A3D3351}.Debug|x86.Build.0 = Debug|Win32
		{42626830-9293-4B58-B389-5D0C4A3D3351}.Release|Any CPU.ActiveCfg = Release|x64
		{42626830-9293-4B58-B389-5D0C4A3D3351}.Release|Any CPU.Build.0 = Release|x64
		{42626830-9293-4B58-B389-5D0C4A3D3351}.Release|x64.ActiveCfg = Release|x64
		{42626830-9293-4B58-B389-5D0C4A3D3351}.Release|x64.Build.0 = Release|x64
		{42626830-9293-4B58-B389-5D0C4A3D3351}.Release|x86.ActiveCfg = Release|Win32
		{42626830-9293-4B58-B389-5D0C4A3D3351}.Release|x86.Build.0 = Release|Win32
	EndGlobalSection
	GlobalSection(SolutionProperties) = preSolution
		HideSolutionNode = FALSE
	EndGlobalSection
	GlobalSection(NestedProjects) = preSolution
		{6F507F55-73A6-4EC5-ABD0-BCC688BA56E5} = {5B95D5DB-03AF-4ED1-8361-F0F4431282BC}
		{4CC6A54D-0B75-4BBD-AF80-561D50BC3F8F} = {5B95D5DB-03AF-4ED1-8361-F0F4431282BC}
		{42626830-9293-4B58-B389-5D0C4A3D3351} = {5B95D5DB-03AF-4ED1-8361-F0F4431282BC}
	EndGlobalSection
	GlobalSection(ExtensibilityGlobals) = postSolution
		SolutionGuid = {931A25C1-F477-40EE-8562-277FBDD7748A}
	EndGlobalSection
EndGlobal
