<?xml version="1.0" encoding="utf-8"?>
<Project ToolsVersion="4.0" xmlns="http://schemas.microsoft.com/developer/msbuild/2003">
  <ItemGroup>
    <Filter Include="Graphics">
      <UniqueIdentifier>{1653CE33-0220-293F-2B39-17E717655ECD}</UniqueIdentifier>
    </Filter>
    <Filter Include="Panels">
      <UniqueIdentifier>{A80D95C9-94AF-BF9F-7D6A-D3F369AB46F0}</UniqueIdentifier>
    </Filter>
  </ItemGroup>
  <ItemGroup>
    <ClInclude Include="src\AssetRegistry.h" />
    <ClInclude Include="src\Graphics\ProfilerTimeline.h">
      <Filter>Graphics</Filter>
    </ClInclude>
    <ClInclude Include="src\Graphics\StackedGraph.h">
      <Filter>Graphics</Filter>
    </ClInclude>
    <ClInclude Include="src\HeliosEditor_Macros.h" />
    <ClInclude Include="src\Icons.h" />
    <ClInclude Include="src\ImGuiCustomControls.h" />
    <ClInclude Include="src\Panels\BasePanel.h">
      <Filter>Panels</Filter>
    </ClInclude>
    <ClInclude Include="src\Panels\ExplorerPanel.h">
      <Filter>Panels</Filter>
    </ClInclude>
    <ClInclude Include="src\Panels\HierarchyPanel.h">
      <Filter>Panels</Filter>
    </ClInclude>
    <ClInclude Include="src\Panels\InspectorPanel.h">
      <Filter>Panels</Filter>
    </ClInclude>
    <ClInclude Include="src\Panels\ProjectExplorer.h">
      <Filter>Panels</Filter>
    </ClInclude>
    <ClInclude Include="src\ProjectManager.h" />
    <ClInclude Include="src\SceneFileManager.h" />
  </ItemGroup>
  <ItemGroup>
    <ClCompile Include="src\Application.cpp" />
    <ClCompile Include="src\AssetRegistry.cpp" />
    <ClCompile Include="src\EditorGUI.cpp" />
    <ClCompile Include="src\Graphics\ProfilerTimeline.cpp">
      <Filter>Graphics</Filter>
    </ClCompile>
    <ClCompile Include="src\Graphics\StackedGraph.cpp">
      <Filter>Graphics</Filter>
    </ClCompile>
    <ClCompile Include="src\Panels\BasePanel.cpp">
      <Filter>Panels</Filter>
    </ClCompile>
    <ClCompile Include="src\Panels\ExplorerPanel.cpp">
      <Filter>Panels</Filter>
    </ClCompile>
    <ClCompile Include="src\Panels\HierarchyPanel.cpp">
      <Filter>Panels</Filter>
    </ClCompile>
    <ClCompile Include="src\Panels\InspectorPanel.cpp">
      <Filter>Panels</Filter>
    </ClCompile>
    <ClCompile Include="src\Panels\ProjectExplorer.cpp">
      <Filter>Panels</Filter>
    </ClCompile>
    <ClCompile Include="src\ProjectManager.cpp" />
    <ClCompile Include="src\SceneFileManager.cpp" />
  </ItemGroup>
</Project>