<?xml version="1.0" encoding="utf-8"?>
<Project ToolsVersion="4.0" xmlns="http://schemas.microsoft.com/developer/msbuild/2003">
  <ItemGroup>
    <Filter Include="Helios">
      <UniqueIdentifier>{492333B7-35C5-5D8D-1E80-71E10AC1E4DD}</UniqueIdentifier>
    </Filter>
    <Filter Include="Helios\Core">
      <UniqueIdentifier>{41BD6281-AD72-DB76-3667-D54DA21BD27A}</UniqueIdentifier>
    </Filter>
    <Filter Include="Helios\GameObjects">
      <UniqueIdentifier>{BC63FDB9-A847-BE0F-11A8-B862FDAAA891}</UniqueIdentifier>
    </Filter>
    <Filter Include="Helios\GameObjects\Components">
      <UniqueIdentifier>{51FBDECE-BD13-C6F8-86C0-5592F2975A92}</UniqueIdentifier>
    </Filter>
    <Filter Include="Helios\Graphics">
      <UniqueIdentifier>{A9AD6134-1539-CFF8-1E4A-52ED8A542BF9}</UniqueIdentifier>
    </Filter>
    <Filter Include="Helios\Input">
      <UniqueIdentifier>{086626AE-F4C8-B552-9D4E-EE08899081D5}</UniqueIdentifier>
    </Filter>
    <Filter Include="Helios\Resources">
      <UniqueIdentifier>{F3B7CB2A-DFB0-EA7C-08E3-CF01F43ACA88}</UniqueIdentifier>
    </Filter>
    <Filter Include="Helios\Resources\Brushes">
      <UniqueIdentifier>{1EDCBD97-0A01-0D18-334C-F2A71FD00B36}</UniqueIdentifier>
    </Filter>
    <Filter Include="Helios\Scene">
      <UniqueIdentifier>{2623D5AE-1286-6453-BB0B-9D09A74D30D6}</UniqueIdentifier>
    </Filter>
    <Filter Include="Helios\Scene\Components">
      <UniqueIdentifier>{7B04C686-E73B-0E1E-F045-72415CFC3417}</UniqueIdentifier>
    </Filter>
    <Filter Include="Helios\Scripting">
      <UniqueIdentifier>{8B07726B-7700-91BD-A032-76428C8A70C9}</UniqueIdentifier>
    </Filter>
    <Filter Include="Helios\Scripting\Native">
      <UniqueIdentifier>{C1F8C2CA-2D30-0B62-363A-6F85A2F0315B}</UniqueIdentifier>
    </Filter>
    <Filter Include="Helios\Translation">
      <UniqueIdentifier>{8702CB86-73E6-8BDC-DC46-862FC849765E}</UniqueIdentifier>
    </Filter>
    <Filter Include="Helios\Utils">
      <UniqueIdentifier>{69B702AF-551A-9253-FE9F-CA09EAE15DD6}</UniqueIdentifier>
    </Filter>
    <Filter Include="Platform">
      <UniqueIdentifier>{2AC788B4-1694-E3BF-3FAD-D1672BD9184E}</UniqueIdentifier>
    </Filter>
    <Filter Include="Platform\DirectX">
      <UniqueIdentifier>{EC338E64-D82C-ADB6-015F-923BEDB68CC2}</UniqueIdentifier>
    </Filter>
  </ItemGroup>
  <ItemGroup>
    <ClInclude Include="src\Helios.h" />
    <ClInclude Include="src\Helios\Core\Application.h">
      <Filter>Helios\Core</Filter>
    </ClInclude>
    <ClInclude Include="src\Helios\Core\Asserts.h">
      <Filter>Helios\Core</Filter>
    </ClInclude>
    <ClInclude Include="src\Helios\Core\Base.h">
      <Filter>Helios\Core</Filter>
    </ClInclude>
    <ClInclude Include="src\Helios\Core\EntryPoint.h">
      <Filter>Helios\Core</Filter>
    </ClInclude>
    <ClInclude Include="src\Helios\Core\ExitCodes.h">
      <Filter>Helios\Core</Filter>
    </ClInclude>
    <ClInclude Include="src\Helios\Core\Logger.h">
      <Filter>Helios\Core</Filter>
    </ClInclude>
    <ClInclude Include="src\Helios\Core\Profiler.h">
      <Filter>Helios\Core</Filter>
    </ClInclude>
    <ClInclude Include="src\Helios\Core\Time.h">
      <Filter>Helios\Core</Filter>
    </ClInclude>
    <ClInclude Include="src\Helios\GameObjects\Components\EllipseComponent.h">
      <Filter>Helios\GameObjects\Components</Filter>
    </ClInclude>
    <ClInclude Include="src\Helios\GameObjects\Components\RectangleComponent.h">
      <Filter>Helios\GameObjects\Components</Filter>
    </ClInclude>
    <ClInclude Include="src\Helios\GameObjects\Components\RoundedRectangleComponent.h">
      <Filter>Helios\GameObjects\Components</Filter>
    </ClInclude>
    <ClInclude Include="src\Helios\GameObjects\Components\SpriteComponent.h">
      <Filter>Helios\GameObjects\Components</Filter>
    </ClInclude>
    <ClInclude Include="src\Helios\GameObjects\ObjectBehaviour.h">
      <Filter>Helios\GameObjects</Filter>
    </ClInclude>
    <ClInclude Include="src\Helios\GameObjects\ObjectComponent.h">
      <Filter>Helios\GameObjects</Filter>
    </ClInclude>
    <ClInclude Include="src\Helios\Graphics\Framebuffer.h">
      <Filter>Helios\Graphics</Filter>
    </ClInclude>
    <ClInclude Include="src\Helios\Graphics\GizmosRenderer.h">
      <Filter>Helios\Graphics</Filter>
    </ClInclude>
    <ClInclude Include="src\Helios\Graphics\Graphics.h">
      <Filter>Helios\Graphics</Filter>
    </ClInclude>
    <ClInclude Include="src\Helios\Graphics\Renderer.h">
      <Filter>Helios\Graphics</Filter>
    </ClInclude>
    <ClInclude Include="src\Helios\Graphics\Renderer2D.h">
      <Filter>Helios\Graphics</Filter>
    </ClInclude>
    <ClInclude Include="src\Helios\Input\InputManager.h">
      <Filter>Helios\Input</Filter>
    </ClInclude>
    <ClInclude Include="src\Helios\Input\KeyCodes.h">
      <Filter>Helios\Input</Filter>
    </ClInclude>
    <ClInclude Include="src\Helios\Input\Mouse.h">
      <Filter>Helios\Input</Filter>
    </ClInclude>
    <ClInclude Include="src\Helios\Resources\Bitmap.h">
      <Filter>Helios\Resources</Filter>
    </ClInclude>
    <ClInclude Include="src\Helios\Resources\Brushes\BitmapBrush.h">
      <Filter>Helios\Resources\Brushes</Filter>
    </ClInclude>
    <ClInclude Include="src\Helios\Resources\Brushes\Brush.h">
      <Filter>Helios\Resources\Brushes</Filter>
    </ClInclude>
    <ClInclude Include="src\Helios\Resources\Brushes\LinearGradientBrush.h">
      <Filter>Helios\Resources\Brushes</Filter>
    </ClInclude>
    <ClInclude Include="src\Helios\Resources\Brushes\SolidBrush.h">
      <Filter>Helios\Resources\Brushes</Filter>
    </ClInclude>
    <ClInclude Include="src\Helios\Resources\Buffer.h">
      <Filter>Helios\Resources</Filter>
    </ClInclude>
    <ClInclude Include="src\Helios\Resources\Color.h">
      <Filter>Helios\Resources</Filter>
    </ClInclude>
    <ClInclude Include="src\Helios\Resources\EngineTexture.h">
      <Filter>Helios\Resources</Filter>
    </ClInclude>
    <ClInclude Include="src\Helios\Resources\Material.h">
      <Filter>Helios\Resources</Filter>
    </ClInclude>
    <ClInclude Include="src\Helios\Resources\Mesh.h">
      <Filter>Helios\Resources</Filter>
    </ClInclude>
    <ClInclude Include="src\Helios\Resources\Resource.h">
      <Filter>Helios\Resources</Filter>
    </ClInclude>
    <ClInclude Include="src\Helios\Resources\Shader.h">
      <Filter>Helios\Resources</Filter>
    </ClInclude>
    <ClInclude Include="src\Helios\Resources\Texture.h">
      <Filter>Helios\Resources</Filter>
    </ClInclude>
    <ClInclude Include="src\Helios\Scene\Camera.h">
      <Filter>Helios\Scene</Filter>
    </ClInclude>
    <ClInclude Include="src\Helios\Scene\Components.h">
      <Filter>Helios\Scene</Filter>
    </ClInclude>
    <ClInclude Include="src\Helios\Scene\Components\Basic.h">
      <Filter>Helios\Scene\Components</Filter>
    </ClInclude>
    <ClInclude Include="src\Helios\Scene\Components\Lighting.h">
      <Filter>Helios\Scene\Components</Filter>
    </ClInclude>
    <ClInclude Include="src\Helios\Scene\Components\Relationship.h">
      <Filter>Helios\Scene\Components</Filter>
    </ClInclude>
    <ClInclude Include="src\Helios\Scene\Components\Renderers.h">
      <Filter>Helios\Scene\Components</Filter>
    </ClInclude>
    <ClInclude Include="src\Helios\Scene\Components\Transforms.h">
      <Filter>Helios\Scene\Components</Filter>
    </ClInclude>
    <ClInclude Include="src\Helios\Scene\EditorCamera.h">
      <Filter>Helios\Scene</Filter>
    </ClInclude>
    <ClInclude Include="src\Helios\Scene\Enums.h">
      <Filter>Helios\Scene</Filter>
    </ClInclude>
    <ClInclude Include="src\Helios\Scene\GameObject.h">
      <Filter>Helios\Scene</Filter>
    </ClInclude>
    <ClInclude Include="src\Helios\Scene\Scene.h">
      <Filter>Helios\Scene</Filter>
    </ClInclude>
    <ClInclude Include="src\Helios\Scene\SceneCamera.h">
      <Filter>Helios\Scene</Filter>
    </ClInclude>
    <ClInclude Include="src\Helios\Scene\SceneRegistry.h">
      <Filter>Helios\Scene</Filter>
    </ClInclude>
    <ClInclude Include="src\Helios\Scripting\Native\NativeScript.h">
      <Filter>Helios\Scripting\Native</Filter>
    </ClInclude>
    <ClInclude Include="src\Helios\Scripting\VisualScripting.h">
      <Filter>Helios\Scripting</Filter>
    </ClInclude>
    <ClInclude Include="src\Helios\Translation\Matrix.h">
      <Filter>Helios\Translation</Filter>
    </ClInclude>
    <ClInclude Include="src\Helios\Translation\Quaternion.h">
      <Filter>Helios\Translation</Filter>
    </ClInclude>
    <ClInclude Include="src\Helios\Translation\Vector.h">
      <Filter>Helios\Translation</Filter>
    </ClInclude>
    <ClInclude Include="src\Helios\Utils\ErrorHandling.h">
      <Filter>Helios\Utils</Filter>
    </ClInclude>
    <ClInclude Include="src\Helios\Utils\LinkedList.h">
      <Filter>Helios\Utils</Filter>
    </ClInclude>
    <ClInclude Include="src\Helios\Utils\MeshBuilder.h">
      <Filter>Helios\Utils</Filter>
    </ClInclude>
    <ClInclude Include="src\Platform\DirectX\DirectXConstantBuffer.h">
      <Filter>Platform\DirectX</Filter>
    </ClInclude>
    <ClInclude Include="src\Platform\DirectX\DirectXFramebuffer.h">
      <Filter>Platform\DirectX</Filter>
    </ClInclude>
    <ClInclude Include="src\Platform\DirectX\DirectXMaterial.h">
      <Filter>Platform\DirectX</Filter>
    </ClInclude>
    <ClInclude Include="src\Platform\DirectX\DirectXTexture2D.h">
      <Filter>Platform\DirectX</Filter>
    </ClInclude>
    <ClInclude Include="src\Platform\DirectX\DirectXVertexBuffer.h">
      <Filter>Platform\DirectX</Filter>
    </ClInclude>
    <ClInclude Include="src\Platform\DirectX\Test.h">
      <Filter>Platform\DirectX</Filter>
    </ClInclude>
    <ClInclude Include="src\pch.h" />
  </ItemGroup>
  <ItemGroup>
    <ClCompile Include="src\Helios\Core\Application.cpp">
      <Filter>Helios\Core</Filter>
    </ClCompile>
    <ClCompile Include="src\Helios\Core\Time.cpp">
      <Filter>Helios\Core</Filter>
    </ClCompile>
    <ClCompile Include="src\Helios\GameObjects\ObjectBehaviour.cpp">
      <Filter>Helios\GameObjects</Filter>
    </ClCompile>
    <ClCompile Include="src\Helios\GameObjects\ObjectComponent.cpp">
      <Filter>Helios\GameObjects</Filter>
    </ClCompile>
    <ClCompile Include="src\Helios\Graphics\Framebuffer.cpp">
      <Filter>Helios\Graphics</Filter>
    </ClCompile>
    <ClCompile Include="src\Helios\Graphics\GizmosRenderer.cpp">
      <Filter>Helios\Graphics</Filter>
    </ClCompile>
    <ClCompile Include="src\Helios\Graphics\Graphics.cpp">
      <Filter>Helios\Graphics</Filter>
    </ClCompile>
    <ClCompile Include="src\Helios\Graphics\Renderer.cpp">
      <Filter>Helios\Graphics</Filter>
    </ClCompile>
    <ClCompile Include="src\Helios\Graphics\Renderer2D.cpp">
      <Filter>Helios\Graphics</Filter>
    </ClCompile>
    <ClCompile Include="src\Helios\Input\InputManager.cpp">
      <Filter>Helios\Input</Filter>
    </ClCompile>
    <ClCompile Include="src\Helios\Input\Mouse.cpp">
      <Filter>Helios\Input</Filter>
    </ClCompile>
    <ClCompile Include="src\Helios\Resources\Bitmap.cpp">
      <Filter>Helios\Resources</Filter>
    </ClCompile>
    <ClCompile Include="src\Helios\Resources\Brushes\BitmapBrush.cpp">
      <Filter>Helios\Resources\Brushes</Filter>
    </ClCompile>
    <ClCompile Include="src\Helios\Resources\Brushes\LinearGradientBrush.cpp">
      <Filter>Helios\Resources\Brushes</Filter>
    </ClCompile>
    <ClCompile Include="src\Helios\Resources\Brushes\SolidBrush.cpp">
      <Filter>Helios\Resources\Brushes</Filter>
    </ClCompile>
    <ClCompile Include="src\Helios\Resources\Buffer.cpp">
      <Filter>Helios\Resources</Filter>
    </ClCompile>
    <ClCompile Include="src\Helios\Resources\Color.cpp">
      <Filter>Helios\Resources</Filter>
    </ClCompile>
    <ClCompile Include="src\Helios\Resources\EngineTexture.cpp">
      <Filter>Helios\Resources</Filter>
    </ClCompile>
    <ClCompile Include="src\Helios\Resources\Material.cpp">
      <Filter>Helios\Resources</Filter>
    </ClCompile>
    <ClCompile Include="src\Helios\Resources\Mesh.cpp">
      <Filter>Helios\Resources</Filter>
    </ClCompile>
    <ClCompile Include="src\Helios\Resources\Shader.cpp">
      <Filter>Helios\Resources</Filter>
    </ClCompile>
    <ClCompile Include="src\Helios\Resources\Texture.cpp">
      <Filter>Helios\Resources</Filter>
    </ClCompile>
    <ClCompile Include="src\Helios\Scene\Camera.cpp">
      <Filter>Helios\Scene</Filter>
    </ClCompile>
    <ClCompile Include="src\Helios\Scene\EditorCamera.cpp">
      <Filter>Helios\Scene</Filter>
    </ClCompile>
    <ClCompile Include="src\Helios\Scene\GameObject.cpp">
      <Filter>Helios\Scene</Filter>
    </ClCompile>
    <ClCompile Include="src\Helios\Scene\Scene.cpp">
      <Filter>Helios\Scene</Filter>
    </ClCompile>
    <ClCompile Include="src\Helios\Scene\SceneCamera.cpp">
      <Filter>Helios\Scene</Filter>
    </ClCompile>
    <ClCompile Include="src\Helios\Scene\SceneRegistry.cpp">
      <Filter>Helios\Scene</Filter>
    </ClCompile>
    <ClCompile Include="src\Helios\Scripting\VisualScripting.cpp">
      <Filter>Helios\Scripting</Filter>
    </ClCompile>
    <ClCompile Include="src\Helios\Translation\Quaternion.cpp">
      <Filter>Helios\Translation</Filter>
    </ClCompile>
    <ClCompile Include="src\Helios\Translation\Vector.cpp">
      <Filter>Helios\Translation</Filter>
    </ClCompile>
    <ClCompile Include="src\Helios\Utils\MeshBuilder.cpp">
      <Filter>Helios\Utils</Filter>
    </ClCompile>
    <ClCompile Include="src\Platform\DirectX\DirectXFramebuffer.cpp">
      <Filter>Platform\DirectX</Filter>
    </ClCompile>
    <ClCompile Include="src\Platform\DirectX\DirectXMaterial.cpp">
      <Filter>Platform\DirectX</Filter>
    </ClCompile>
    <ClCompile Include="src\Platform\DirectX\DirectXTexture2D.cpp">
      <Filter>Platform\DirectX</Filter>
    </ClCompile>
    <ClCompile Include="src\Platform\DirectX\DirectXVertexBuffer.cpp">
      <Filter>Platform\DirectX</Filter>
    </ClCompile>
    <ClCompile Include="src\pch.cpp" />
  </ItemGroup>
</Project>